
Microsoft Visual Studio Solution File, Format Version 12.00
# Visual Studio Version 17
VisualStudioVersion = 17.5.33516.290
MinimumVisualStudioVersion = 10.0.40219.1
Project("{FAE04EC0-301F-11D3-BF4B-00C04F79EFBC}") = "Dia8", "Dia8\Dia8.csproj", "{0926E9FC-486C-4045-8B8B-81865F36BF59}"
EndProject
Global
	GlobalSection(SolutionConfigurationPlatforms) = preSolution
		Debug|Any CPU = Debug|Any CPU
		Release|Any CPU = Release|Any CPU
	EndGlobalSection
	GlobalSection(ProjectConfigurationPlatforms) = postSolution
		{0926E9FC-486C-4045-8B8B-81865F36BF59}.Debug|Any CPU.ActiveCfg = Debug|Any CPU
		{0926E9FC-486C-4045-8B8B-81865F36BF59}.Debug|Any CPU.Build.0 = Debug|Any CPU
		{0926E9FC-486C-4045-8B8B-81865F36BF59}.Release|Any CPU.ActiveCfg = Release|Any CPU
		{0926E9FC-486C-4045-8B8B-81865F36BF59}.Release|Any CPU.Build.0 = Release|Any CPU
	EndGlobalSection
	GlobalSection(SolutionProperties) = preSolution
		HideSolutionNode = FALSE
	EndGlobalSection
	GlobalSection(ExtensibilityGlobals) = postSolution
		SolutionGuid = {81810E86-409A-4BB4-BB29-0AA8D7031E42}
	EndGlobalSection
EndGlobal
