
Microsoft Visual Studio Solution File, Format Version 12.00
# Visual Studio Version 17
VisualStudioVersion = 17.5.33530.505
MinimumVisualStudioVersion = 10.0.40219.1
Project("{FAE04EC0-301F-11D3-BF4B-00C04F79EFBC}") = "BotonTroll", "BotonTroll\BotonTroll.csproj", "{22AEA668-74A3-4DC2-8338-3C91F9BB388A}"
EndProject
Global
	GlobalSection(SolutionConfigurationPlatforms) = preSolution
		Debug|Any CPU = Debug|Any CPU
		Release|Any CPU = Release|Any CPU
	EndGlobalSection
	GlobalSection(ProjectConfigurationPlatforms) = postSolution
		{22AEA668-74A3-4DC2-8338-3C91F9BB388A}.Debug|Any CPU.ActiveCfg = Debug|Any CPU
		{22AEA668-74A3-4DC2-8338-3C91F9BB388A}.Debug|Any CPU.Build.0 = Debug|Any CPU
		{22AEA668-74A3-4DC2-8338-3C91F9BB388A}.Release|Any CPU.ActiveCfg = Release|Any CPU
		{22AEA668-74A3-4DC2-8338-3C91F9BB388A}.Release|Any CPU.Build.0 = Release|Any CPU
	EndGlobalSection
	GlobalSection(SolutionProperties) = preSolution
		HideSolutionNode = FALSE
	EndGlobalSection
	GlobalSection(ExtensibilityGlobals) = postSolution
		SolutionGuid = {6BE6D8EE-741B-419F-A8FB-0EDB75AD70D2}
	EndGlobalSection
EndGlobal
