
Microsoft Visual Studio Solution File, Format Version 12.00
# Visual Studio Version 17
VisualStudioVersion = 17.5.33516.290
MinimumVisualStudioVersion = 10.0.40219.1
Project("{FAE04EC0-301F-11D3-BF4B-00C04F79EFBC}") = "Dia 4", "Dia 4\Dia 4.csproj", "{511E739D-F3A0-48EE-B466-6F8F228211EF}"
EndProject
Global
	GlobalSection(SolutionConfigurationPlatforms) = preSolution
		Debug|Any CPU = Debug|Any CPU
		Release|Any CPU = Release|Any CPU
	EndGlobalSection
	GlobalSection(ProjectConfigurationPlatforms) = postSolution
		{511E739D-F3A0-48EE-B466-6F8F228211EF}.Debug|Any CPU.ActiveCfg = Debug|Any CPU
		{511E739D-F3A0-48EE-B466-6F8F228211EF}.Debug|Any CPU.Build.0 = Debug|Any CPU
		{511E739D-F3A0-48EE-B466-6F8F228211EF}.Release|Any CPU.ActiveCfg = Release|Any CPU
		{511E739D-F3A0-48EE-B466-6F8F228211EF}.Release|Any CPU.Build.0 = Release|Any CPU
	EndGlobalSection
	GlobalSection(SolutionProperties) = preSolution
		HideSolutionNode = FALSE
	EndGlobalSection
	GlobalSection(ExtensibilityGlobals) = postSolution
		SolutionGuid = {CF5CC3CD-B36C-4976-82C1-3336661D98F4}
	EndGlobalSection
EndGlobal
